
Microsoft Visual Studio Solution File, Format Version 12.00
# Visual Studio Version 17
VisualStudioVersion = 17.5.002.0
MinimumVisualStudioVersion = 10.0.40219.1
Project("{2150E333-8FDC-42A3-9474-1A3956D46DE8}") = "csharp-prep", "csharp-prep", "{C373FABC-7D0F-466F-A6BA-4B0AC82D607B}"
EndProject
Project("{9A19103F-16F7-4668-BE54-9A1E7A4F7556}") = "Prep1", "csharp-prep\Prep1\Prep1.csproj", "{5339A15C-7B19-4F6B-B02E-66D9CB4F0B87}"
EndProject
Project("{9A19103F-16F7-4668-BE54-9A1E7A4F7556}") = "Prep2", "csharp-prep\Prep2\Prep2.csproj", "{D39326DD-D7BC-4D89-829F-0DEAAE90D772}"
EndProject
Project("{9A19103F-16F7-4668-BE54-9A1E7A4F7556}") = "Prep3", "csharp-prep\Prep3\Prep3.csproj", "{CB7252D2-9467-4A5E-9CEF-B1D9B8D92861}"
EndProject
Project("{9A19103F-16F7-4668-BE54-9A1E7A4F7556}") = "Prep4", "csharp-prep\Prep4\Prep4.csproj", "{6910D24E-A2FB-4C5B-B179-732D4BFC321D}"
EndProject
Project("{9A19103F-16F7-4668-BE54-9A1E7A4F7556}") = "Prep5", "csharp-prep\Prep5\Prep5.csproj", "{0E8B305D-71CA-48EC-B49A-53592EB1D397}"
EndProject
Project("{2150E333-8FDC-42A3-9474-1A3956D46DE8}") = "final", "final", "{BF61042A-852B-4C69-9063-9868986D5552}"
EndProject
Project("{9A19103F-16F7-4668-BE54-9A1E7A4F7556}") = "FinalProject", "final\FinalProject\FinalProject.csproj", "{10B3F96E-0B1F-443D-B171-929B3BFB46A4}"
EndProject
Project("{9A19103F-16F7-4668-BE54-9A1E7A4F7556}") = "Foundation1", "final\Foundation1\Foundation1.csproj", "{A387D130-226D-48AB-B354-655857688872}"
EndProject
Project("{9A19103F-16F7-4668-BE54-9A1E7A4F7556}") = "Foundation2", "final\Foundation2\Foundation2.csproj", "{32F9AB63-8CBD-459B-8AB5-6428D6A52E32}"
EndProject
Project("{9A19103F-16F7-4668-BE54-9A1E7A4F7556}") = "Foundation3", "final\Foundation3\Foundation3.csproj", "{0D4767E2-4335-4454-AA26-786AA2DC2F7D}"
EndProject
Project("{9A19103F-16F7-4668-BE54-9A1E7A4F7556}") = "Foundation4", "final\Foundation4\Foundation4.csproj", "{E655C5BA-B042-42ED-8E14-7A8211C057E4}"
EndProject
Project("{2150E333-8FDC-42A3-9474-1A3956D46DE8}") = "prepare", "prepare", "{AED1839A-D6B9-47D0-8997-4C109525617F}"
EndProject
Project("{9A19103F-16F7-4668-BE54-9A1E7A4F7556}") = "Learning02", "prepare\Learning02\Learning02.csproj", "{3F7767F8-903C-4335-9289-865B22F435D3}"
EndProject
Project("{9A19103F-16F7-4668-BE54-9A1E7A4F7556}") = "Learning03", "prepare\Learning03\Learning03.csproj", "{E4432BFF-76A2-4B08-A658-6941B0C8F8A3}"
EndProject
Project("{9A19103F-16F7-4668-BE54-9A1E7A4F7556}") = "Learning04", "prepare\Learning04\Learning04.csproj", "{03BCDDE6-EA26-448F-9C5E-6A8AEFD7E560}"
EndProject
Project("{9A19103F-16F7-4668-BE54-9A1E7A4F7556}") = "Learning05", "prepare\Learning05\Learning05.csproj", "{C634EE02-02FE-454D-98E0-BB6949678E92}"
EndProject
Project("{2150E333-8FDC-42A3-9474-1A3956D46DE8}") = "prove", "prove", "{E52788CC-1B12-48C2-A431-F0EC9F2A440E}"
EndProject
Project("{9A19103F-16F7-4668-BE54-9A1E7A4F7556}") = "Develop02", "prove\Develop02\Develop02.csproj", "{353E0E6B-1FE4-48E0-B389-B257DE8B2025}"
EndProject
Project("{9A19103F-16F7-4668-BE54-9A1E7A4F7556}") = "Develop03", "prove\Develop03\Develop03.csproj", "{E6A3F05F-C00B-48D2-BF4F-00767FA66302}"
EndProject
Project("{9A19103F-16F7-4668-BE54-9A1E7A4F7556}") = "Develop04", "prove\Develop04\Develop04.csproj", "{6F5C58C1-77E5-456C-84E5-3C4656555630}"
EndProject
Project("{9A19103F-16F7-4668-BE54-9A1E7A4F7556}") = "Develop05", "prove\Develop05\Develop05.csproj", "{A3919016-B559-4B0A-A53D-505BBB3173E6}"
EndProject
Project("{2150E333-8FDC-42A3-9474-1A3956D46DE8}") = "sandbox", "sandbox", "{2D46A03A-7D69-487C-8435-E885A33656F3}"
EndProject
Project("{9A19103F-16F7-4668-BE54-9A1E7A4F7556}") = "Sandbox", "sandbox\Sandbox\Sandbox.csproj", "{FFBF2342-54AA-4B5D-8C49-20DB7E909F95}"
EndProject
Global
	GlobalSection(SolutionConfigurationPlatforms) = preSolution
		Debug|Any CPU = Debug|Any CPU
		Release|Any CPU = Release|Any CPU
	EndGlobalSection
	GlobalSection(ProjectConfigurationPlatforms) = postSolution
		{5339A15C-7B19-4F6B-B02E-66D9CB4F0B87}.Debug|Any CPU.ActiveCfg = Debug|Any CPU
		{5339A15C-7B19-4F6B-B02E-66D9CB4F0B87}.Debug|Any CPU.Build.0 = Debug|Any CPU
		{5339A15C-7B19-4F6B-B02E-66D9CB4F0B87}.Release|Any CPU.ActiveCfg = Release|Any CPU
		{5339A15C-7B19-4F6B-B02E-66D9CB4F0B87}.Release|Any CPU.Build.0 = Release|Any CPU
		{D39326DD-D7BC-4D89-829F-0DEAAE90D772}.Debug|Any CPU.ActiveCfg = Debug|Any CPU
		{D39326DD-D7BC-4D89-829F-0DEAAE90D772}.Debug|Any CPU.Build.0 = Debug|Any CPU
		{D39326DD-D7BC-4D89-829F-0DEAAE90D772}.Release|Any CPU.ActiveCfg = Release|Any CPU
		{D39326DD-D7BC-4D89-829F-0DEAAE90D772}.Release|Any CPU.Build.0 = Release|Any CPU
		{CB7252D2-9467-4A5E-9CEF-B1D9B8D92861}.Debug|Any CPU.ActiveCfg = Debug|Any CPU
		{CB7252D2-9467-4A5E-9CEF-B1D9B8D92861}.Debug|Any CPU.Build.0 = Debug|Any CPU
		{CB7252D2-9467-4A5E-9CEF-B1D9B8D92861}.Release|Any CPU.ActiveCfg = Release|Any CPU
		{CB7252D2-9467-4A5E-9CEF-B1D9B8D92861}.Release|Any CPU.Build.0 = Release|Any CPU
		{6910D24E-A2FB-4C5B-B179-732D4BFC321D}.Debug|Any CPU.ActiveCfg = Debug|Any CPU
		{6910D24E-A2FB-4C5B-B179-732D4BFC321D}.Debug|Any CPU.Build.0 = Debug|Any CPU
		{6910D24E-A2FB-4C5B-B179-732D4BFC321D}.Release|Any CPU.ActiveCfg = Release|Any CPU
		{6910D24E-A2FB-4C5B-B179-732D4BFC321D}.Release|Any CPU.Build.0 = Release|Any CPU
		{0E8B305D-71CA-48EC-B49A-53592EB1D397}.Debug|Any CPU.ActiveCfg = Debug|Any CPU
		{0E8B305D-71CA-48EC-B49A-53592EB1D397}.Debug|Any CPU.Build.0 = Debug|Any CPU
		{0E8B305D-71CA-48EC-B49A-53592EB1D397}.Release|Any CPU.ActiveCfg = Release|Any CPU
		{0E8B305D-71CA-48EC-B49A-53592EB1D397}.Release|Any CPU.Build.0 = Release|Any CPU
		{10B3F96E-0B1F-443D-B171-929B3BFB46A4}.Debug|Any CPU.ActiveCfg = Debug|Any CPU
		{10B3F96E-0B1F-443D-B171-929B3BFB46A4}.Debug|Any CPU.Build.0 = Debug|Any CPU
		{10B3F96E-0B1F-443D-B171-929B3BFB46A4}.Release|Any CPU.ActiveCfg = Release|Any CPU
		{10B3F96E-0B1F-443D-B171-929B3BFB46A4}.Release|Any CPU.Build.0 = Release|Any CPU
		{A387D130-226D-48AB-B354-655857688872}.Debug|Any CPU.ActiveCfg = Debug|Any CPU
		{A387D130-226D-48AB-B354-655857688872}.Debug|Any CPU.Build.0 = Debug|Any CPU
		{A387D130-226D-48AB-B354-655857688872}.Release|Any CPU.ActiveCfg = Release|Any CPU
		{A387D130-226D-48AB-B354-655857688872}.Release|Any CPU.Build.0 = Release|Any CPU
		{32F9AB63-8CBD-459B-8AB5-6428D6A52E32}.Debug|Any CPU.ActiveCfg = Debug|Any CPU
		{32F9AB63-8CBD-459B-8AB5-6428D6A52E32}.Debug|Any CPU.Build.0 = Debug|Any CPU
		{32F9AB63-8CBD-459B-8AB5-6428D6A52E32}.Release|Any CPU.ActiveCfg = Release|Any CPU
		{32F9AB63-8CBD-459B-8AB5-6428D6A52E32}.Release|Any CPU.Build.0 = Release|Any CPU
		{0D4767E2-4335-4454-AA26-786AA2DC2F7D}.Debug|Any CPU.ActiveCfg = Debug|Any CPU
		{0D4767E2-4335-4454-AA26-786AA2DC2F7D}.Debug|Any CPU.Build.0 = Debug|Any CPU
		{0D4767E2-4335-4454-AA26-786AA2DC2F7D}.Release|Any CPU.ActiveCfg = Release|Any CPU
		{0D4767E2-4335-4454-AA26-786AA2DC2F7D}.Release|Any CPU.Build.0 = Release|Any CPU
		{E655C5BA-B042-42ED-8E14-7A8211C057E4}.Debug|Any CPU.ActiveCfg = Debug|Any CPU
		{E655C5BA-B042-42ED-8E14-7A8211C057E4}.Debug|Any CPU.Build.0 = Debug|Any CPU
		{E655C5BA-B042-42ED-8E14-7A8211C057E4}.Release|Any CPU.ActiveCfg = Release|Any CPU
		{E655C5BA-B042-42ED-8E14-7A8211C057E4}.Release|Any CPU.Build.0 = Release|Any CPU
		{3F7767F8-903C-4335-9289-865B22F435D3}.Debug|Any CPU.ActiveCfg = Debug|Any CPU
		{3F7767F8-903C-4335-9289-865B22F435D3}.Debug|Any CPU.Build.0 = Debug|Any CPU
		{3F7767F8-903C-4335-9289-865B22F435D3}.Release|Any CPU.ActiveCfg = Release|Any CPU
		{3F7767F8-903C-4335-9289-865B22F435D3}.Release|Any CPU.Build.0 = Release|Any CPU
		{E4432BFF-76A2-4B08-A658-6941B0C8F8A3}.Debug|Any CPU.ActiveCfg = Debug|Any CPU
		{E4432BFF-76A2-4B08-A658-6941B0C8F8A3}.Debug|Any CPU.Build.0 = Debug|Any CPU
		{E4432BFF-76A2-4B08-A658-6941B0C8F8A3}.Release|Any CPU.ActiveCfg = Release|Any CPU
		{E4432BFF-76A2-4B08-A658-6941B0C8F8A3}.Release|Any CPU.Build.0 = Release|Any CPU
		{03BCDDE6-EA26-448F-9C5E-6A8AEFD7E560}.Debug|Any CPU.ActiveCfg = Debug|Any CPU
		{03BCDDE6-EA26-448F-9C5E-6A8AEFD7E560}.Debug|Any CPU.Build.0 = Debug|Any CPU
		{03BCDDE6-EA26-448F-9C5E-6A8AEFD7E560}.Release|Any CPU.ActiveCfg = Release|Any CPU
		{03BCDDE6-EA26-448F-9C5E-6A8AEFD7E560}.Release|Any CPU.Build.0 = Release|Any CPU
		{C634EE02-02FE-454D-98E0-BB6949678E92}.Debug|Any CPU.ActiveCfg = Debug|Any CPU
		{C634EE02-02FE-454D-98E0-BB6949678E92}.Debug|Any CPU.Build.0 = Debug|Any CPU
		{C634EE02-02FE-454D-98E0-BB6949678E92}.Release|Any CPU.ActiveCfg = Release|Any CPU
		{C634EE02-02FE-454D-98E0-BB6949678E92}.Release|Any CPU.Build.0 = Release|Any CPU
		{353E0E6B-1FE4-48E0-B389-B257DE8B2025}.Debug|Any CPU.ActiveCfg = Debug|Any CPU
		{353E0E6B-1FE4-48E0-B389-B257DE8B2025}.Debug|Any CPU.Build.0 = Debug|Any CPU
		{353E0E6B-1FE4-48E0-B389-B257DE8B2025}.Release|Any CPU.ActiveCfg = Release|Any CPU
		{353E0E6B-1FE4-48E0-B389-B257DE8B2025}.Release|Any CPU.Build.0 = Release|Any CPU
		{E6A3F05F-C00B-48D2-BF4F-00767FA66302}.Debug|Any CPU.ActiveCfg = Debug|Any CPU
		{E6A3F05F-C00B-48D2-BF4F-00767FA66302}.Debug|Any CPU.Build.0 = Debug|Any CPU
		{E6A3F05F-C00B-48D2-BF4F-00767FA66302}.Release|Any CPU.ActiveCfg = Release|Any CPU
		{E6A3F05F-C00B-48D2-BF4F-00767FA66302}.Release|Any CPU.Build.0 = Release|Any CPU
		{6F5C58C1-77E5-456C-84E5-3C4656555630}.Debug|Any CPU.ActiveCfg = Debug|Any CPU
		{6F5C58C1-77E5-456C-84E5-3C4656555630}.Debug|Any CPU.Build.0 = Debug|Any CPU
		{6F5C58C1-77E5-456C-84E5-3C4656555630}.Release|Any CPU.ActiveCfg = Release|Any CPU
		{6F5C58C1-77E5-456C-84E5-3C4656555630}.Release|Any CPU.Build.0 = Release|Any CPU
		{A3919016-B559-4B0A-A53D-505BBB3173E6}.Debug|Any CPU.ActiveCfg = Debug|Any CPU
		{A3919016-B559-4B0A-A53D-505BBB3173E6}.Debug|Any CPU.Build.0 = Debug|Any CPU
		{A3919016-B559-4B0A-A53D-505BBB3173E6}.Release|Any CPU.ActiveCfg = Release|Any CPU
		{A3919016-B559-4B0A-A53D-505BBB3173E6}.Release|Any CPU.Build.0 = Release|Any CPU
		{FFBF2342-54AA-4B5D-8C49-20DB7E909F95}.Debug|Any CPU.ActiveCfg = Debug|Any CPU
		{FFBF2342-54AA-4B5D-8C49-20DB7E909F95}.Debug|Any CPU.Build.0 = Debug|Any CPU
		{FFBF2342-54AA-4B5D-8C49-20DB7E909F95}.Release|Any CPU.ActiveCfg = Release|Any CPU
		{FFBF2342-54AA-4B5D-8C49-20DB7E909F95}.Release|Any CPU.Build.0 = Release|Any CPU
	EndGlobalSection
	GlobalSection(SolutionProperties) = preSolution
		HideSolutionNode = FALSE
	EndGlobalSection
	GlobalSection(NestedProjects) = preSolution
		{5339A15C-7B19-4F6B-B02E-66D9CB4F0B87} = {C373FABC-7D0F-466F-A6BA-4B0AC82D607B}
		{D39326DD-D7BC-4D89-829F-0DEAAE90D772} = {C373FABC-7D0F-466F-A6BA-4B0AC82D607B}
		{CB7252D2-9467-4A5E-9CEF-B1D9B8D92861} = {C373FABC-7D0F-466F-A6BA-4B0AC82D607B}
		{6910D24E-A2FB-4C5B-B179-732D4BFC321D} = {C373FABC-7D0F-466F-A6BA-4B0AC82D607B}
		{0E8B305D-71CA-48EC-B49A-53592EB1D397} = {C373FABC-7D0F-466F-A6BA-4B0AC82D607B}
		{10B3F96E-0B1F-443D-B171-929B3BFB46A4} = {BF61042A-852B-4C69-9063-9868986D5552}
		{A387D130-226D-48AB-B354-655857688872} = {BF61042A-852B-4C69-9063-9868986D5552}
		{32F9AB63-8CBD-459B-8AB5-6428D6A52E32} = {BF61042A-852B-4C69-9063-9868986D5552}
		{0D4767E2-4335-4454-AA26-786AA2DC2F7D} = {BF61042A-852B-4C69-9063-9868986D5552}
		{E655C5BA-B042-42ED-8E14-7A8211C057E4} = {BF61042A-852B-4C69-9063-9868986D5552}
		{3F7767F8-903C-4335-9289-865B22F435D3} = {AED1839A-D6B9-47D0-8997-4C109525617F}
		{E4432BFF-76A2-4B08-A658-6941B0C8F8A3} = {AED1839A-D6B9-47D0-8997-4C109525617F}
		{03BCDDE6-EA26-448F-9C5E-6A8AEFD7E560} = {AED1839A-D6B9-47D0-8997-4C109525617F}
		{C634EE02-02FE-454D-98E0-BB6949678E92} = {AED1839A-D6B9-47D0-8997-4C109525617F}
		{353E0E6B-1FE4-48E0-B389-B257DE8B2025} = {E52788CC-1B12-48C2-A431-F0EC9F2A440E}
		{E6A3F05F-C00B-48D2-BF4F-00767FA66302} = {E52788CC-1B12-48C2-A431-F0EC9F2A440E}
		{6F5C58C1-77E5-456C-84E5-3C4656555630} = {E52788CC-1B12-48C2-A431-F0EC9F2A440E}
		{A3919016-B559-4B0A-A53D-505BBB3173E6} = {E52788CC-1B12-48C2-A431-F0EC9F2A440E}
		{FFBF2342-54AA-4B5D-8C49-20DB7E909F95} = {2D46A03A-7D69-487C-8435-E885A33656F3}
	EndGlobalSection
	GlobalSection(ExtensibilityGlobals) = postSolution
		SolutionGuid = {3B25BA80-C122-4F62-9A28-3F56B0FD275D}
	EndGlobalSection
EndGlobal
